
Microsoft Visual Studio Solution File, Format Version 12.00
Project("{FAE04EC0-301F-11D3-BF4B-00C04F79EFBC}") = "de-omschrijver.cli", "de-omschrijver.cli\de-omschrijver.cli.csproj", "{C87894AD-7E85-479F-A69C-C845FC0E2895}"
EndProject
Global
	GlobalSection(SolutionConfigurationPlatforms) = preSolution
		Debug|Any CPU = Debug|Any CPU
		Release|Any CPU = Release|Any CPU
	EndGlobalSection
	GlobalSection(ProjectConfigurationPlatforms) = postSolution
		{C87894AD-7E85-479F-A69C-C845FC0E2895}.Debug|Any CPU.ActiveCfg = Debug|Any CPU
		{C87894AD-7E85-479F-A69C-C845FC0E2895}.Debug|Any CPU.Build.0 = Debug|Any CPU
		{C87894AD-7E85-479F-A69C-C845FC0E2895}.Release|Any CPU.ActiveCfg = Release|Any CPU
		{C87894AD-7E85-479F-A69C-C845FC0E2895}.Release|Any CPU.Build.0 = Release|Any CPU
	EndGlobalSection
EndGlobal
